
Microsoft Visual Studio Solution File, Format Version 12.00
# Visual Studio Version 17
VisualStudioVersion = 17.7.34003.232
MinimumVisualStudioVersion = 10.0.40219.1
Project("{FAE04EC0-301F-11D3-BF4B-00C04F79EFBC}") = "DB SP Examiner", "DB SP Examiner.csproj", "{8524B294-C72C-491E-B0D6-1EA1B3E528BD}"
EndProject
Global
	GlobalSection(SolutionConfigurationPlatforms) = preSolution
		Debug|Any CPU = Debug|Any CPU
		Release|Any CPU = Release|Any CPU
		Test|Any CPU = Test|Any CPU
	EndGlobalSection
	GlobalSection(ProjectConfigurationPlatforms) = postSolution
		{8524B294-C72C-491E-B0D6-1EA1B3E528BD}.Debug|Any CPU.ActiveCfg = Debug|Any CPU
		{8524B294-C72C-491E-B0D6-1EA1B3E528BD}.Debug|Any CPU.Build.0 = Debug|Any CPU
		{8524B294-C72C-491E-B0D6-1EA1B3E528BD}.Release|Any CPU.ActiveCfg = Release|Any CPU
		{8524B294-C72C-491E-B0D6-1EA1B3E528BD}.Release|Any CPU.Build.0 = Release|Any CPU
		{8524B294-C72C-491E-B0D6-1EA1B3E528BD}.Test|Any CPU.ActiveCfg = Test|Any CPU
		{8524B294-C72C-491E-B0D6-1EA1B3E528BD}.Test|Any CPU.Build.0 = Test|Any CPU
	EndGlobalSection
	GlobalSection(SolutionProperties) = preSolution
		HideSolutionNode = FALSE
	EndGlobalSection
	GlobalSection(ExtensibilityGlobals) = postSolution
		SolutionGuid = {F806ADB5-13CD-44F2-9FE1-962D9161957A}
	EndGlobalSection
EndGlobal
